
Microsoft Visual Studio Solution File, Format Version 12.00
# Visual Studio Version 16
VisualStudioVersion = 16.0.29519.181
MinimumVisualStudioVersion = 10.0.40219.1
Project("{FAE04EC0-301F-11D3-BF4B-00C04F79EFBC}") = "CloudMediaInfo", "CloudMediaInfo\CloudMediaInfo.csproj", "{EEBAE06F-AA3F-4AC8-AE0E-9F2AC9BDDD55}"
EndProject
Project("{9A19103F-16F7-4668-BE54-9A1E7A4F7556}") = "CloudMediaInfoML.Model", "CloudMediaInfoML.Model\CloudMediaInfoML.Model.csproj", "{4764DE2A-F6E6-4F95-865F-252A72C9A79D}"
EndProject
Global
	GlobalSection(SolutionConfigurationPlatforms) = preSolution
		Debug|Any CPU = Debug|Any CPU
		Release|Any CPU = Release|Any CPU
	EndGlobalSection
	GlobalSection(ProjectConfigurationPlatforms) = postSolution
		{EEBAE06F-AA3F-4AC8-AE0E-9F2AC9BDDD55}.Debug|Any CPU.ActiveCfg = Debug|Any CPU
		{EEBAE06F-AA3F-4AC8-AE0E-9F2AC9BDDD55}.Debug|Any CPU.Build.0 = Debug|Any CPU
		{EEBAE06F-AA3F-4AC8-AE0E-9F2AC9BDDD55}.Release|Any CPU.ActiveCfg = Release|Any CPU
		{EEBAE06F-AA3F-4AC8-AE0E-9F2AC9BDDD55}.Release|Any CPU.Build.0 = Release|Any CPU
		{4764DE2A-F6E6-4F95-865F-252A72C9A79D}.Debug|Any CPU.ActiveCfg = Debug|Any CPU
		{4764DE2A-F6E6-4F95-865F-252A72C9A79D}.Debug|Any CPU.Build.0 = Debug|Any CPU
		{4764DE2A-F6E6-4F95-865F-252A72C9A79D}.Release|Any CPU.ActiveCfg = Release|Any CPU
		{4764DE2A-F6E6-4F95-865F-252A72C9A79D}.Release|Any CPU.Build.0 = Release|Any CPU
	EndGlobalSection
	GlobalSection(SolutionProperties) = preSolution
		HideSolutionNode = FALSE
	EndGlobalSection
	GlobalSection(ExtensibilityGlobals) = postSolution
		SolutionGuid = {E2FDC6B6-6881-4BCC-809E-154471FA5843}
	EndGlobalSection
EndGlobal
